{
  "version": 4,
  "terraform_version": "1.0.3",
  "serial": 70,
  "lineage": "3a0ba122-988f-3418-5c7f-a156a75f0177",
  "outputs": {
    "public_ip": {
      "value": "54.91.207.102",
      "type": "string"
    }
  },
  "resources": [
    {
      "mode": "data",
      "type": "aws_ami",
      "name": "ami",
      "provider": "provider[\"registry.terraform.io/hashicorp/aws\"]",
      "instances": [
        {
          "schema_version": 0,
          "attributes": {
            "architecture": "x86_64",
            "arn": "arn:aws:ec2:us-east-1::image/ami-0c2b8ca1dad447f8a",
            "block_device_mappings": [
              {
                "device_name": "/dev/xvda",
                "ebs": {
                  "delete_on_termination": "true",
                  "encrypted": "false",
                  "iops": "0",
                  "snapshot_id": "snap-090e9376979c86d7b",
                  "throughput": "0",
                  "volume_size": "8",
                  "volume_type": "gp2"
                },
                "no_device": "",
                "virtual_name": ""
              }
            ],
            "creation_date": "2021-07-27T06:11:27.000Z",
            "description": "Amazon Linux 2 AMI 2.0.20210721.2 x86_64 HVM gp2",
            "ena_support": true,
            "executable_users": null,
            "filter": [
              {
                "name": "name",
                "values": [
                  "amzn2-ami-hvm-*-x86_64-gp2"
                ]
              }
            ],
            "hypervisor": "xen",
            "id": "ami-0c2b8ca1dad447f8a",
            "image_id": "ami-0c2b8ca1dad447f8a",
            "image_location": "amazon/amzn2-ami-hvm-2.0.20210721.2-x86_64-gp2",
            "image_owner_alias": "amazon",
            "image_type": "machine",
            "kernel_id": null,
            "most_recent": true,
            "name": "amzn2-ami-hvm-2.0.20210721.2-x86_64-gp2",
            "name_regex": null,
            "owner_id": "137112412989",
            "owners": [
              "amazon"
            ],
            "platform": null,
            "platform_details": "Linux/UNIX",
            "product_codes": [],
            "public": true,
            "ramdisk_id": null,
            "root_device_name": "/dev/xvda",
            "root_device_type": "ebs",
            "root_snapshot_id": "snap-090e9376979c86d7b",
            "sriov_net_support": "simple",
            "state": "available",
            "state_reason": {
              "code": "UNSET",
              "message": "UNSET"
            },
            "tags": {},
            "usage_operation": "RunInstances",
            "virtualization_type": "hvm"
          },
          "sensitive_attributes": []
        }
      ]
    },
    {
      "mode": "managed",
      "type": "aws_instance",
      "name": "jump_box",
      "provider": "provider[\"registry.terraform.io/hashicorp/aws\"]",
      "instances": [
        {
          "status": "tainted",
          "schema_version": 1,
          "attributes": {
            "ami": "ami-0c2b8ca1dad447f8a",
            "arn": "arn:aws:ec2:us-east-1:580234752977:instance/i-0f8059d7f35f7879b",
            "associate_public_ip_address": true,
            "availability_zone": "us-east-1a",
            "capacity_reservation_specification": [
              {
                "capacity_reservation_preference": "open",
                "capacity_reservation_target": []
              }
            ],
            "cpu_core_count": 1,
            "cpu_threads_per_core": 1,
            "credit_specification": [
              {
                "cpu_credits": "standard"
              }
            ],
            "disable_api_termination": false,
            "ebs_block_device": [],
            "ebs_optimized": false,
            "enclave_options": [
              {
                "enabled": false
              }
            ],
            "ephemeral_block_device": [],
            "get_password_data": false,
            "hibernation": false,
            "host_id": null,
            "iam_instance_profile": "",
            "id": "i-0f8059d7f35f7879b",
            "instance_initiated_shutdown_behavior": "stop",
            "instance_state": "running",
            "instance_type": "t2.micro",
            "ipv6_address_count": 0,
            "ipv6_addresses": [],
            "key_name": "demo",
            "launch_template": [],
            "metadata_options": [
              {
                "http_endpoint": "enabled",
                "http_put_response_hop_limit": 1,
                "http_tokens": "optional"
              }
            ],
            "monitoring": false,
            "network_interface": [],
            "outpost_arn": "",
            "password_data": "",
            "placement_group": "",
            "primary_network_interface_id": "eni-03308b3eb4a36b39c",
            "private_dns": "ip-10-16-1-170.ec2.internal",
            "private_ip": "10.16.1.170",
            "public_dns": "",
            "public_ip": "54.89.238.71",
            "root_block_device": [
              {
                "delete_on_termination": true,
                "device_name": "/dev/xvda",
                "encrypted": false,
                "iops": 100,
                "kms_key_id": "",
                "tags": {},
                "throughput": 0,
                "volume_id": "vol-0c32d096c4509be30",
                "volume_size": 8,
                "volume_type": "gp2"
              }
            ],
            "secondary_private_ips": [],
            "security_groups": [
              "sg-013fd07fc9da19f77"
            ],
            "source_dest_check": true,
            "subnet_id": "subnet-0e83acace5b5be89e",
            "tags": null,
            "tags_all": {},
            "tenancy": "default",
            "timeouts": null,
            "user_data": null,
            "user_data_base64": null,
            "volume_tags": null,
            "vpc_security_group_ids": [
              "sg-013fd07fc9da19f77"
            ]
          },
          "sensitive_attributes": [],
          "private": "eyJlMmJmYjczMC1lY2FhLTExZTYtOGY4OC0zNDM2M2JjN2M0YzAiOnsiY3JlYXRlIjo2MDAwMDAwMDAwMDAsImRlbGV0ZSI6MTIwMDAwMDAwMDAwMCwidXBkYXRlIjo2MDAwMDAwMDAwMDB9LCJzY2hlbWFfdmVyc2lvbiI6IjEifQ==",
          "dependencies": [
            "aws_key_pair.ec2_key",
            "aws_security_group.demo_sg",
            "aws_subnet.subnet1",
            "aws_vpc.demo_vpc",
            "data.aws_ami.ami"
          ]
        }
      ]
    },
    {
      "mode": "managed",
      "type": "aws_internet_gateway",
      "name": "demo_igw",
      "provider": "provider[\"registry.terraform.io/hashicorp/aws\"]",
      "instances": [
        {
          "schema_version": 0,
          "attributes": {
            "arn": "arn:aws:ec2:us-east-1:580234752977:internet-gateway/igw-022aba793777218c1",
            "id": "igw-022aba793777218c1",
            "owner_id": "580234752977",
            "tags": {
              "Name": "Dev-IGW"
            },
            "tags_all": {
              "Name": "Dev-IGW"
            },
            "vpc_id": "vpc-0824a1118f568e7e2"
          },
          "sensitive_attributes": [],
          "private": "bnVsbA==",
          "dependencies": [
            "aws_vpc.demo_vpc"
          ]
        }
      ]
    },
    {
      "mode": "managed",
      "type": "aws_key_pair",
      "name": "ec2_key",
      "provider": "provider[\"registry.terraform.io/hashicorp/aws\"]",
      "instances": [
        {
          "schema_version": 1,
          "attributes": {
            "arn": "arn:aws:ec2:us-east-1:580234752977:key-pair/demo",
            "fingerprint": "9f:d4:11:db:27:ad:dd:60:ca:ff:81:9c:88:ab:db:a9",
            "id": "demo",
            "key_name": "demo",
            "key_name_prefix": null,
            "key_pair_id": "key-0728cfe5ac2fc4898",
            "public_key": "ssh-rsa AAAAB3NzaC1yc2EAAAADAQABAAABgQDApUO1/H1bxBWmPaQXKbi2HdGDN9bMo0Ud1w6UKq5dNer9pYqMQzhO1Z94sivtb06n32GQhQTK9DnBO7FY1Ew1njuzZrG7f30EvVZmVkj+2g3ANEYfjMyRZ2md9FYTIgrrYVOPWHSYbuTQ5REOgn3LtyydH61uWSBckpJQBoRjJBBd9g63rCfROP6CDzOQMG4duqNCZ5eKaaSH+QPls4Ydx7gT+xsplk29La5bKASeCMPjuCZXIF1Lv/zA6suK2mGDuf2FBIsdQzHhKUs6/ZNYmK2XVDbNljgyojc5VfG9vnT9YN6kGuUl95BxbkYKmq9IAvRil2tdxSlOHBsbcKCoX7Fv4InieXIa54ersnR7DZLI+qft00e4jVi8AUaHElCelI0slaSCgc6psZVyS86PhSAw4F5Vxj3zxZ3+2zTheRxpfeD80T+FXhAQlp1ZD01kFDwNF4jLjmCwKRtPdsRjN2w4u5dvKP6Ovf99pZ2TnbBWUOaIQrEp+LYn1PRe/p8= irfan@irfan-patel",
            "tags": null,
            "tags_all": {}
          },
          "sensitive_attributes": [],
          "private": "eyJzY2hlbWFfdmVyc2lvbiI6IjEifQ=="
        }
      ]
    },
    {
      "mode": "managed",
      "type": "aws_route_table",
      "name": "rt1",
      "provider": "provider[\"registry.terraform.io/hashicorp/aws\"]",
      "instances": [
        {
          "schema_version": 0,
          "attributes": {
            "arn": "arn:aws:ec2:us-east-1:580234752977:route-table/rtb-047ff15ec3abe2963",
            "id": "rtb-047ff15ec3abe2963",
            "owner_id": "580234752977",
            "propagating_vgws": [],
            "route": [
              {
                "carrier_gateway_id": "",
                "cidr_block": "0.0.0.0/0",
                "destination_prefix_list_id": "",
                "egress_only_gateway_id": "",
                "gateway_id": "igw-022aba793777218c1",
                "instance_id": "",
                "ipv6_cidr_block": "",
                "local_gateway_id": "",
                "nat_gateway_id": "",
                "network_interface_id": "",
                "transit_gateway_id": "",
                "vpc_endpoint_id": "",
                "vpc_peering_connection_id": ""
              }
            ],
            "tags": {
              "Name": "Dev-Route Table"
            },
            "tags_all": {
              "Name": "Dev-Route Table"
            },
            "vpc_id": "vpc-0824a1118f568e7e2"
          },
          "sensitive_attributes": [],
          "private": "bnVsbA==",
          "dependencies": [
            "aws_internet_gateway.demo_igw",
            "aws_vpc.demo_vpc"
          ]
        }
      ]
    },
    {
      "mode": "managed",
      "type": "aws_route_table_association",
      "name": "rt_association_1",
      "provider": "provider[\"registry.terraform.io/hashicorp/aws\"]",
      "instances": [
        {
          "schema_version": 0,
          "attributes": {
            "gateway_id": "",
            "id": "rtbassoc-0b2885d17e642b938",
            "route_table_id": "rtb-047ff15ec3abe2963",
            "subnet_id": "subnet-0e83acace5b5be89e"
          },
          "sensitive_attributes": [],
          "private": "bnVsbA==",
          "dependencies": [
            "aws_internet_gateway.demo_igw",
            "aws_route_table.rt1",
            "aws_subnet.subnet1",
            "aws_vpc.demo_vpc"
          ]
        }
      ]
    },
    {
      "mode": "managed",
      "type": "aws_security_group",
      "name": "demo_sg",
      "provider": "provider[\"registry.terraform.io/hashicorp/aws\"]",
      "instances": [
        {
          "schema_version": 1,
          "attributes": {
            "arn": "arn:aws:ec2:us-east-1:580234752977:security-group/sg-013fd07fc9da19f77",
            "description": "Managed by Terraform",
            "egress": [
              {
                "cidr_blocks": [
                  "0.0.0.0/0"
                ],
                "description": "",
                "from_port": 0,
                "ipv6_cidr_blocks": [],
                "prefix_list_ids": [],
                "protocol": "-1",
                "security_groups": [],
                "self": false,
                "to_port": 0
              }
            ],
            "id": "sg-013fd07fc9da19f77",
            "ingress": [
              {
                "cidr_blocks": [
                  "0.0.0.0/0"
                ],
                "description": "",
                "from_port": 22,
                "ipv6_cidr_blocks": [],
                "prefix_list_ids": [],
                "protocol": "tcp",
                "security_groups": [],
                "self": false,
                "to_port": 22
              },
              {
                "cidr_blocks": [
                  "0.0.0.0/0"
                ],
                "description": "",
                "from_port": 8080,
                "ipv6_cidr_blocks": [],
                "prefix_list_ids": [],
                "protocol": "tcp",
                "security_groups": [],
                "self": false,
                "to_port": 8080
              }
            ],
            "name": "Demo-SG",
            "name_prefix": "",
            "owner_id": "580234752977",
            "revoke_rules_on_delete": false,
            "tags": {
              "Name": "Dev-SG"
            },
            "tags_all": {
              "Name": "Dev-SG"
            },
            "timeouts": null,
            "vpc_id": "vpc-0824a1118f568e7e2"
          },
          "sensitive_attributes": [],
          "private": "eyJlMmJmYjczMC1lY2FhLTExZTYtOGY4OC0zNDM2M2JjN2M0YzAiOnsiY3JlYXRlIjo2MDAwMDAwMDAwMDAsImRlbGV0ZSI6OTAwMDAwMDAwMDAwfSwic2NoZW1hX3ZlcnNpb24iOiIxIn0=",
          "dependencies": [
            "aws_vpc.demo_vpc"
          ]
        }
      ]
    },
    {
      "mode": "managed",
      "type": "aws_subnet",
      "name": "subnet1",
      "provider": "provider[\"registry.terraform.io/hashicorp/aws\"]",
      "instances": [
        {
          "schema_version": 1,
          "attributes": {
            "arn": "arn:aws:ec2:us-east-1:580234752977:subnet/subnet-0e83acace5b5be89e",
            "assign_ipv6_address_on_creation": false,
            "availability_zone": "us-east-1a",
            "availability_zone_id": "use1-az2",
            "cidr_block": "10.16.1.0/24",
            "customer_owned_ipv4_pool": "",
            "id": "subnet-0e83acace5b5be89e",
            "ipv6_cidr_block": "",
            "ipv6_cidr_block_association_id": "",
            "map_customer_owned_ip_on_launch": false,
            "map_public_ip_on_launch": false,
            "outpost_arn": "",
            "owner_id": "580234752977",
            "tags": null,
            "tags_all": {},
            "timeouts": null,
            "vpc_id": "vpc-0824a1118f568e7e2"
          },
          "sensitive_attributes": [],
          "private": "eyJlMmJmYjczMC1lY2FhLTExZTYtOGY4OC0zNDM2M2JjN2M0YzAiOnsiY3JlYXRlIjo2MDAwMDAwMDAwMDAsImRlbGV0ZSI6MTIwMDAwMDAwMDAwMH0sInNjaGVtYV92ZXJzaW9uIjoiMSJ9",
          "dependencies": [
            "aws_vpc.demo_vpc"
          ]
        }
      ]
    },
    {
      "mode": "managed",
      "type": "aws_vpc",
      "name": "demo_vpc",
      "provider": "provider[\"registry.terraform.io/hashicorp/aws\"]",
      "instances": [
        {
          "schema_version": 1,
          "attributes": {
            "arn": "arn:aws:ec2:us-east-1:580234752977:vpc/vpc-0824a1118f568e7e2",
            "assign_generated_ipv6_cidr_block": false,
            "cidr_block": "10.16.0.0/16",
            "default_network_acl_id": "acl-0a86e8f9bbcbdf539",
            "default_route_table_id": "rtb-076e6e01f785c237d",
            "default_security_group_id": "sg-0e27dcfd3b7bd7f65",
            "dhcp_options_id": "dopt-07eda15075d525529",
            "enable_classiclink": false,
            "enable_classiclink_dns_support": false,
            "enable_dns_hostnames": false,
            "enable_dns_support": true,
            "id": "vpc-0824a1118f568e7e2",
            "instance_tenancy": "default",
            "ipv6_association_id": "",
            "ipv6_cidr_block": "",
            "main_route_table_id": "rtb-076e6e01f785c237d",
            "owner_id": "580234752977",
            "tags": {
              "Name": "Dev-VPC"
            },
            "tags_all": {
              "Name": "Dev-VPC"
            }
          },
          "sensitive_attributes": [],
          "private": "eyJzY2hlbWFfdmVyc2lvbiI6IjEifQ=="
        }
      ]
    }
  ]
}
